
Microsoft Visual Studio Solution File, Format Version 12.00
# Visual Studio Version 16
VisualStudioVersion = 16.0.30406.217
MinimumVisualStudioVersion = 10.0.40219.1
Project("{FAE04EC0-301F-11D3-BF4B-00C04F79EFBC}") = "Upsert", "Upsert\Upsert.csproj", "{C6B5005D-C084-44EC-91B8-4CA2358E1D32}"
EndProject
Project("{FAE04EC0-301F-11D3-BF4B-00C04F79EFBC}") = "FinalProject_Profile", "FinalProject_Profile\FinalProject_Profile.csproj", "{912278B2-7DBF-4F30-9B9A-DBF5042BEDC6}"
EndProject
Global
	GlobalSection(SolutionConfigurationPlatforms) = preSolution
		Debug|Any CPU = Debug|Any CPU
		Release|Any CPU = Release|Any CPU
	EndGlobalSection
	GlobalSection(ProjectConfigurationPlatforms) = postSolution
		{C6B5005D-C084-44EC-91B8-4CA2358E1D32}.Debug|Any CPU.ActiveCfg = Debug|Any CPU
		{C6B5005D-C084-44EC-91B8-4CA2358E1D32}.Debug|Any CPU.Build.0 = Debug|Any CPU
		{C6B5005D-C084-44EC-91B8-4CA2358E1D32}.Release|Any CPU.ActiveCfg = Release|Any CPU
		{C6B5005D-C084-44EC-91B8-4CA2358E1D32}.Release|Any CPU.Build.0 = Release|Any CPU
		{912278B2-7DBF-4F30-9B9A-DBF5042BEDC6}.Debug|Any CPU.ActiveCfg = Debug|Any CPU
		{912278B2-7DBF-4F30-9B9A-DBF5042BEDC6}.Debug|Any CPU.Build.0 = Debug|Any CPU
		{912278B2-7DBF-4F30-9B9A-DBF5042BEDC6}.Release|Any CPU.ActiveCfg = Release|Any CPU
		{912278B2-7DBF-4F30-9B9A-DBF5042BEDC6}.Release|Any CPU.Build.0 = Release|Any CPU
	EndGlobalSection
	GlobalSection(SolutionProperties) = preSolution
		HideSolutionNode = FALSE
	EndGlobalSection
	GlobalSection(ExtensibilityGlobals) = postSolution
		SolutionGuid = {EA17C2A6-B1B1-4AC2-B5D4-778805548B7A}
	EndGlobalSection
EndGlobal
